// !$*UTF8*$!
{
	archiveVersion = 1;
	classes = {
	};
	objectVersion = 46;
	objects = {

/* Begin PBXBuildFile section */
		898866BB19D74A7E00145E06 /* Foundation.framework in Frameworks */ = {isa = PBXBuildFile; fileRef = 898866BA19D74A7E00145E06 /* Foundation.framework */; };
		898866BD19D74A7E00145E06 /* CoreGraphics.framework in Frameworks */ = {isa = PBXBuildFile; fileRef = 898866BC19D74A7E00145E06 /* CoreGraphics.framework */; };
		898866BF19D74A7E00145E06 /* UIKit.framework in Frameworks */ = {isa = PBXBuildFile; fileRef = 898866BE19D74A7E00145E06 /* UIKit.framework */; };
		898866C119D74A7E00145E06 /* CoreData.framework in Frameworks */ = {isa = PBXBuildFile; fileRef = 898866C019D74A7E00145E06 /* CoreData.framework */; };
		898866C719D74A7E00145E06 /* InfoPlist.strings in Resources */ = {isa = PBXBuildFile; fileRef = 898866C519D74A7E00145E06 /* InfoPlist.strings */; };
		898866C919D74A7E00145E06 /* main.m in Sources */ = {isa = PBXBuildFile; fileRef = 898866C819D74A7E00145E06 /* main.m */; };
		898866CD19D74A7E00145E06 /* AppDelegate.m in Sources */ = {isa = PBXBuildFile; fileRef = 898866CC19D74A7E00145E06 /* AppDelegate.m */; };
		898866D019D74A7E00145E06 /* MyStore.xcdatamodeld in Sources */ = {isa = PBXBuildFile; fileRef = 898866CE19D74A7E00145E06 /* MyStore.xcdatamodeld */; };
		898866D219D74A7E00145E06 /* Images.xcassets in Resources */ = {isa = PBXBuildFile; fileRef = 898866D119D74A7E00145E06 /* Images.xcassets */; };
		898866D919D74A7E00145E06 /* XCTest.framework in Frameworks */ = {isa = PBXBuildFile; fileRef = 898866D819D74A7E00145E06 /* XCTest.framework */; };
		898866DA19D74A7E00145E06 /* Foundation.framework in Frameworks */ = {isa = PBXBuildFile; fileRef = 898866BA19D74A7E00145E06 /* Foundation.framework */; };
		898866DB19D74A7E00145E06 /* UIKit.framework in Frameworks */ = {isa = PBXBuildFile; fileRef = 898866BE19D74A7E00145E06 /* UIKit.framework */; };
		898866DC19D74A7E00145E06 /* CoreData.framework in Frameworks */ = {isa = PBXBuildFile; fileRef = 898866C019D74A7E00145E06 /* CoreData.framework */; };
		898866E419D74A7E00145E06 /* InfoPlist.strings in Resources */ = {isa = PBXBuildFile; fileRef = 898866E219D74A7E00145E06 /* InfoPlist.strings */; };
		898866E619D74A7E00145E06 /* MyStoreTests.m in Sources */ = {isa = PBXBuildFile; fileRef = 898866E519D74A7E00145E06 /* MyStoreTests.m */; };
		898866F019D74C8300145E06 /* Storyboard.storyboard in Resources */ = {isa = PBXBuildFile; fileRef = 898866EF19D74C8300145E06 /* Storyboard.storyboard */; };
		898866F619D7544100145E06 /* DeviceViewController.m in Sources */ = {isa = PBXBuildFile; fileRef = 898866F519D7544100145E06 /* DeviceViewController.m */; };
		898866F919D7559800145E06 /* DeviceDetailViewController.m in Sources */ = {isa = PBXBuildFile; fileRef = 898866F819D7559800145E06 /* DeviceDetailViewController.m */; };
/* End PBXBuildFile section */

/* Begin PBXContainerItemProxy section */
		898866DD19D74A7E00145E06 /* PBXContainerItemProxy */ = {
			isa = PBXContainerItemProxy;
			containerPortal = 898866AF19D74A7E00145E06 /* Project object */;
			proxyType = 1;
			remoteGlobalIDString = 898866B619D74A7E00145E06;
			remoteInfo = MyStore;
		};
/* End PBXContainerItemProxy section */

/* Begin PBXFileReference section */
		898866B719D74A7E00145E06 /* MyStore.app */ = {isa = PBXFileReference; explicitFileType = wrapper.application; includeInIndex = 0; path = MyStore.app; sourceTree = BUILT_PRODUCTS_DIR; };
		898866BA19D74A7E00145E06 /* Foundation.framework */ = {isa = PBXFileReference; lastKnownFileType = wrapper.framework; name = Foundation.framework; path = System/Library/Frameworks/Foundation.framework; sourceTree = SDKROOT; };
		898866BC19D74A7E00145E06 /* CoreGraphics.framework */ = {isa = PBXFileReference; lastKnownFileType = wrapper.framework; name = CoreGraphics.framework; path = System/Library/Frameworks/CoreGraphics.framework; sourceTree = SDKROOT; };
		898866BE19D74A7E00145E06 /* UIKit.framework */ = {isa = PBXFileReference; lastKnownFileType = wrapper.framework; name = UIKit.framework; path = System/Library/Frameworks/UIKit.framework; sourceTree = SDKROOT; };
		898866C019D74A7E00145E06 /* CoreData.framework */ = {isa = PBXFileReference; lastKnownFileType = wrapper.framework; name = CoreData.framework; path = System/Library/Frameworks/CoreData.framework; sourceTree = SDKROOT; };
		898866C419D74A7E00145E06 /* MyStore-Info.plist */ = {isa = PBXFileReference; lastKnownFileType = text.plist.xml; path = "MyStore-Info.plist"; sourceTree = "<group>"; };
		898866C619D74A7E00145E06 /* en */ = {isa = PBXFileReference; lastKnownFileType = text.plist.strings; name = en; path = en.lproj/InfoPlist.strings; sourceTree = "<group>"; };
		898866C819D74A7E00145E06 /* main.m */ = {isa = PBXFileReference; lastKnownFileType = sourcecode.c.objc; path = main.m; sourceTree = "<group>"; };
		898866CA19D74A7E00145E06 /* MyStore-Prefix.pch */ = {isa = PBXFileReference; lastKnownFileType = sourcecode.c.h; path = "MyStore-Prefix.pch"; sourceTree = "<group>"; };
		898866CB19D74A7E00145E06 /* AppDelegate.h */ = {isa = PBXFileReference; lastKnownFileType = sourcecode.c.h; path = AppDelegate.h; sourceTree = "<group>"; };
		898866CC19D74A7E00145E06 /* AppDelegate.m */ = {isa = PBXFileReference; lastKnownFileType = sourcecode.c.objc; path = AppDelegate.m; sourceTree = "<group>"; };
		898866CF19D74A7E00145E06 /* MyStore.xcdatamodel */ = {isa = PBXFileReference; lastKnownFileType = wrapper.xcdatamodel; path = MyStore.xcdatamodel; sourceTree = "<group>"; };
		898866D119D74A7E00145E06 /* Images.xcassets */ = {isa = PBXFileReference; lastKnownFileType = folder.assetcatalog; path = Images.xcassets; sourceTree = "<group>"; };
		898866D719D74A7E00145E06 /* MyStoreTests.xctest */ = {isa = PBXFileReference; explicitFileType = wrapper.cfbundle; includeInIndex = 0; path = MyStoreTests.xctest; sourceTree = BUILT_PRODUCTS_DIR; };
		898866D819D74A7E00145E06 /* XCTest.framework */ = {isa = PBXFileReference; lastKnownFileType = wrapper.framework; name = XCTest.framework; path = Library/Frameworks/XCTest.framework; sourceTree = DEVELOPER_DIR; };
		898866E119D74A7E00145E06 /* MyStoreTests-Info.plist */ = {isa = PBXFileReference; lastKnownFileType = text.plist.xml; path = "MyStoreTests-Info.plist"; sourceTree = "<group>"; };
		898866E319D74A7E00145E06 /* en */ = {isa = PBXFileReference; lastKnownFileType = text.plist.strings; name = en; path = en.lproj/InfoPlist.strings; sourceTree = "<group>"; };
		898866E519D74A7E00145E06 /* MyStoreTests.m */ = {isa = PBXFileReference; lastKnownFileType = sourcecode.c.objc; path = MyStoreTests.m; sourceTree = "<group>"; };
		898866EF19D74C8300145E06 /* Storyboard.storyboard */ = {isa = PBXFileReference; fileEncoding = 4; lastKnownFileType = file.storyboard; path = Storyboard.storyboard; sourceTree = "<group>"; };
		898866F419D7544100145E06 /* DeviceViewController.h */ = {isa = PBXFileReference; fileEncoding = 4; lastKnownFileType = sourcecode.c.h; path = DeviceViewController.h; sourceTree = "<group>"; };
		898866F519D7544100145E06 /* DeviceViewController.m */ = {isa = PBXFileReference; fileEncoding = 4; lastKnownFileType = sourcecode.c.objc; path = DeviceViewController.m; sourceTree = "<group>"; };
		898866F719D7559800145E06 /* DeviceDetailViewController.h */ = {isa = PBXFileReference; fileEncoding = 4; lastKnownFileType = sourcecode.c.h; path = DeviceDetailViewController.h; sourceTree = "<group>"; };
		898866F819D7559800145E06 /* DeviceDetailViewController.m */ = {isa = PBXFileReference; fileEncoding = 4; lastKnownFileType = sourcecode.c.objc; path = DeviceDetailViewController.m; sourceTree = "<group>"; };
/* End PBXFileReference section */

/* Begin PBXFrameworksBuildPhase section */
		898866B419D74A7E00145E06 /* Frameworks */ = {
			isa = PBXFrameworksBuildPhase;
			buildActionMask = 2147483647;
			files = (
				898866BD19D74A7E00145E06 /* CoreGraphics.framework in Frameworks */,
				898866C119D74A7E00145E06 /* CoreData.framework in Frameworks */,
				898866BF19D74A7E00145E06 /* UIKit.framework in Frameworks */,
				898866BB19D74A7E00145E06 /* Foundation.framework in Frameworks */,
			);
			runOnlyForDeploymentPostprocessing = 0;
		};
		898866D419D74A7E00145E06 /* Frameworks */ = {
			isa = PBXFrameworksBuildPhase;
			buildActionMask = 2147483647;
			files = (
				898866D919D74A7E00145E06 /* XCTest.framework in Frameworks */,
				898866DC19D74A7E00145E06 /* CoreData.framework in Frameworks */,
				898866DB19D74A7E00145E06 /* UIKit.framework in Frameworks */,
				898866DA19D74A7E00145E06 /* Foundation.framework in Frameworks */,
			);
			runOnlyForDeploymentPostprocessing = 0;
		};
/* End PBXFrameworksBuildPhase section */

/* Begin PBXGroup section */
		898866AE19D74A7E00145E06 = {
			isa = PBXGroup;
			children = (
				898866C219D74A7E00145E06 /* MyStore */,
				898866DF19D74A7E00145E06 /* MyStoreTests */,
				898866B919D74A7E00145E06 /* Frameworks */,
				898866B819D74A7E00145E06 /* Products */,
			);
			sourceTree = "<group>";
		};
		898866B819D74A7E00145E06 /* Products */ = {
			isa = PBXGroup;
			children = (
				898866B719D74A7E00145E06 /* MyStore.app */,
				898866D719D74A7E00145E06 /* MyStoreTests.xctest */,
			);
			name = Products;
			sourceTree = "<group>";
		};
		898866B919D74A7E00145E06 /* Frameworks */ = {
			isa = PBXGroup;
			children = (
				898866BA19D74A7E00145E06 /* Foundation.framework */,
				898866BC19D74A7E00145E06 /* CoreGraphics.framework */,
				898866BE19D74A7E00145E06 /* UIKit.framework */,
				898866C019D74A7E00145E06 /* CoreData.framework */,
				898866D819D74A7E00145E06 /* XCTest.framework */,
			);
			name = Frameworks;
			sourceTree = "<group>";
		};
		898866C219D74A7E00145E06 /* MyStore */ = {
			isa = PBXGroup;
			children = (
				898866CB19D74A7E00145E06 /* AppDelegate.h */,
				898866CC19D74A7E00145E06 /* AppDelegate.m */,
				898866F419D7544100145E06 /* DeviceViewController.h */,
				898866F519D7544100145E06 /* DeviceViewController.m */,
				898866D119D74A7E00145E06 /* Images.xcassets */,
				898866CE19D74A7E00145E06 /* MyStore.xcdatamodeld */,
				898866EF19D74C8300145E06 /* Storyboard.storyboard */,
				898866F719D7559800145E06 /* DeviceDetailViewController.h */,
				898866F819D7559800145E06 /* DeviceDetailViewController.m */,
				898866C319D74A7E00145E06 /* Supporting Files */,
			);
			path = MyStore;
			sourceTree = "<group>";
		};
		898866C319D74A7E00145E06 /* Supporting Files */ = {
			isa = PBXGroup;
			children = (
				898866C419D74A7E00145E06 /* MyStore-Info.plist */,
				898866C519D74A7E00145E06 /* InfoPlist.strings */,
				898866C819D74A7E00145E06 /* main.m */,
				898866CA19D74A7E00145E06 /* MyStore-Prefix.pch */,
			);
			name = "Supporting Files";
			sourceTree = "<group>";
		};
		898866DF19D74A7E00145E06 /* MyStoreTests */ = {
			isa = PBXGroup;
			children = (
				898866E519D74A7E00145E06 /* MyStoreTests.m */,
				898866E019D74A7E00145E06 /* Supporting Files */,
			);
			path = MyStoreTests;
			sourceTree = "<group>";
		};
		898866E019D74A7E00145E06 /* Supporting Files */ = {
			isa = PBXGroup;
			children = (
				898866E119D74A7E00145E06 /* MyStoreTests-Info.plist */,
				898866E219D74A7E00145E06 /* InfoPlist.strings */,
			);
			name = "Supporting Files";
			sourceTree = "<group>";
		};
/* End PBXGroup section */

/* Begin PBXNativeTarget section */
		898866B619D74A7E00145E06 /* MyStore */ = {
			isa = PBXNativeTarget;
			buildConfigurationList = 898866E919D74A7E00145E06 /* Build configuration list for PBXNativeTarget "MyStore" */;
			buildPhases = (
				898866B319D74A7E00145E06 /* Sources */,
				898866B419D74A7E00145E06 /* Frameworks */,
				898866B519D74A7E00145E06 /* Resources */,
			);
			buildRules = (
			);
			dependencies = (
			);
			name = MyStore;
			productName = MyStore;
			productReference = 898866B719D74A7E00145E06 /* MyStore.app */;
			productType = "com.apple.product-type.application";
		};
		898866D619D74A7E00145E06 /* MyStoreTests */ = {
			isa = PBXNativeTarget;
			buildConfigurationList = 898866EC19D74A7E00145E06 /* Build configuration list for PBXNativeTarget "MyStoreTests" */;
			buildPhases = (
				898866D319D74A7E00145E06 /* Sources */,
				898866D419D74A7E00145E06 /* Frameworks */,
				898866D519D74A7E00145E06 /* Resources */,
			);
			buildRules = (
			);
			dependencies = (
				898866DE19D74A7E00145E06 /* PBXTargetDependency */,
			);
			name = MyStoreTests;
			productName = MyStoreTests;
			productReference = 898866D719D74A7E00145E06 /* MyStoreTests.xctest */;
			productType = "com.apple.product-type.bundle.unit-test";
		};
/* End PBXNativeTarget section */

/* Begin PBXProject section */
		898866AF19D74A7E00145E06 /* Project object */ = {
			isa = PBXProject;
			attributes = {
				LastUpgradeCheck = 0510;
				ORGANIZATIONNAME = "Alexander Kuliev";
				TargetAttributes = {
					898866D619D74A7E00145E06 = {
						TestTargetID = 898866B619D74A7E00145E06;
					};
				};
			};
			buildConfigurationList = 898866B219D74A7E00145E06 /* Build configuration list for PBXProject "MyStore" */;
			compatibilityVersion = "Xcode 3.2";
			developmentRegion = English;
			hasScannedForEncodings = 0;
			knownRegions = (
				en,
			);
			mainGroup = 898866AE19D74A7E00145E06;
			productRefGroup = 898866B819D74A7E00145E06 /* Products */;
			projectDirPath = "";
			projectRoot = "";
			targets = (
				898866B619D74A7E00145E06 /* MyStore */,
				898866D619D74A7E00145E06 /* MyStoreTests */,
			);
		};
/* End PBXProject section */

/* Begin PBXResourcesBuildPhase section */
		898866B519D74A7E00145E06 /* Resources */ = {
			isa = PBXResourcesBuildPhase;
			buildActionMask = 2147483647;
			files = (
				898866C719D74A7E00145E06 /* InfoPlist.strings in Resources */,
				898866D219D74A7E00145E06 /* Images.xcassets in Resources */,
				898866F019D74C8300145E06 /* Storyboard.storyboard in Resources */,
			);
			runOnlyForDeploymentPostprocessing = 0;
		};
		898866D519D74A7E00145E06 /* Resources */ = {
			isa = PBXResourcesBuildPhase;
			buildActionMask = 2147483647;
			files = (
				898866E419D74A7E00145E06 /* InfoPlist.strings in Resources */,
			);
			runOnlyForDeploymentPostprocessing = 0;
		};
/* End PBXResourcesBuildPhase section */

/* Begin PBXSourcesBuildPhase section */
		898866B319D74A7E00145E06 /* Sources */ = {
			isa = PBXSourcesBuildPhase;
			buildActionMask = 2147483647;
			files = (
				898866F619D7544100145E06 /* DeviceViewController.m in Sources */,
				898866CD19D74A7E00145E06 /* AppDelegate.m in Sources */,
				898866F919D7559800145E06 /* DeviceDetailViewController.m in Sources */,
				898866D019D74A7E00145E06 /* MyStore.xcdatamodeld in Sources */,
				898866C919D74A7E00145E06 /* main.m in Sources */,
			);
			runOnlyForDeploymentPostprocessing = 0;
		};
		898866D319D74A7E00145E06 /* Sources */ = {
			isa = PBXSourcesBuildPhase;
			buildActionMask = 2147483647;
			files = (
				898866E619D74A7E00145E06 /* MyStoreTests.m in Sources */,
			);
			runOnlyForDeploymentPostprocessing = 0;
		};
/* End PBXSourcesBuildPhase section */

/* Begin PBXTargetDependency section */
		898866DE19D74A7E00145E06 /* PBXTargetDependency */ = {
			isa = PBXTargetDependency;
			target = 898866B619D74A7E00145E06 /* MyStore */;
			targetProxy = 898866DD19D74A7E00145E06 /* PBXContainerItemProxy */;
		};
/* End PBXTargetDependency section */

/* Begin PBXVariantGroup section */
		898866C519D74A7E00145E06 /* InfoPlist.strings */ = {
			isa = PBXVariantGroup;
			children = (
				898866C619D74A7E00145E06 /* en */,
			);
			name = InfoPlist.strings;
			sourceTree = "<group>";
		};
		898866E219D74A7E00145E06 /* InfoPlist.strings */ = {
			isa = PBXVariantGroup;
			children = (
				898866E319D74A7E00145E06 /* en */,
			);
			name = InfoPlist.strings;
			sourceTree = "<group>";
		};
/* End PBXVariantGroup section */

/* Begin XCBuildConfiguration section */
		898866E719D74A7E00145E06 /* Debug */ = {
			isa = XCBuildConfiguration;
			buildSettings = {
				ALWAYS_SEARCH_USER_PATHS = NO;
				CLANG_CXX_LANGUAGE_STANDARD = "gnu++0x";
				CLANG_CXX_LIBRARY = "libc++";
				CLANG_ENABLE_MODULES = YES;
				CLANG_ENABLE_OBJC_ARC = YES;
				CLANG_WARN_BOOL_CONVERSION = YES;
				CLANG_WARN_CONSTANT_CONVERSION = YES;
				CLANG_WARN_DIRECT_OBJC_ISA_USAGE = YES_ERROR;
				CLANG_WARN_EMPTY_BODY = YES;
				CLANG_WARN_ENUM_CONVERSION = YES;
				CLANG_WARN_INT_CONVERSION = YES;
				CLANG_WARN_OBJC_ROOT_CLASS = YES_ERROR;
				CLANG_WARN__DUPLICATE_METHOD_MATCH = YES;
				"CODE_SIGN_IDENTITY[sdk=iphoneos*]" = "iPhone Developer";
				COPY_PHASE_STRIP = NO;
				GCC_C_LANGUAGE_STANDARD = gnu99;
				GCC_DYNAMIC_NO_PIC = NO;
				GCC_OPTIMIZATION_LEVEL = 0;
				GCC_PREPROCESSOR_DEFINITIONS = (
					"DEBUG=1",
					"$(inherited)",
				);
				GCC_SYMBOLS_PRIVATE_EXTERN = NO;
				GCC_WARN_64_TO_32_BIT_CONVERSION = YES;
				GCC_WARN_ABOUT_RETURN_TYPE = YES_ERROR;
				GCC_WARN_UNDECLARED_SELECTOR = YES;
				GCC_WARN_UNINITIALIZED_AUTOS = YES_AGGRESSIVE;
				GCC_WARN_UNUSED_FUNCTION = YES;
				GCC_WARN_UNUSED_VARIABLE = YES;
				IPHONEOS_DEPLOYMENT_TARGET = 7.1;
				ONLY_ACTIVE_ARCH = YES;
				SDKROOT = iphoneos;
			};
			name = Debug;
		};
		898866E819D74A7E00145E06 /* Release */ = {
			isa = XCBuildConfiguration;
			buildSettings = {
				ALWAYS_SEARCH_USER_PATHS = NO;
				CLANG_CXX_LANGUAGE_STANDARD = "gnu++0x";
				CLANG_CXX_LIBRARY = "libc++";
				CLANG_ENABLE_MODULES = YES;
				CLANG_ENABLE_OBJC_ARC = YES;
				CLANG_WARN_BOOL_CONVERSION = YES;
				CLANG_WARN_CONSTANT_CONVERSION = YES;
				CLANG_WARN_DIRECT_OBJC_ISA_USAGE = YES_ERROR;
				CLANG_WARN_EMPTY_BODY = YES;
				CLANG_WARN_ENUM_CONVERSION = YES;
				CLANG_WARN_INT_CONVERSION = YES;
				CLANG_WARN_OBJC_ROOT_CLASS = YES_ERROR;
				CLANG_WARN__DUPLICATE_METHOD_MATCH = YES;
				"CODE_SIGN_IDENTITY[sdk=iphoneos*]" = "iPhone Developer";
				COPY_PHASE_STRIP = YES;
				ENABLE_NS_ASSERTIONS = NO;
				GCC_C_LANGUAGE_STANDARD = gnu99;
				GCC_WARN_64_TO_32_BIT_CONVERSION = YES;
				GCC_WARN_ABOUT_RETURN_TYPE = YES_ERROR;
				GCC_WARN_UNDECLARED_SELECTOR = YES;
				GCC_WARN_UNINITIALIZED_AUTOS = YES_AGGRESSIVE;
				GCC_WARN_UNUSED_FUNCTION = YES;
				GCC_WARN_UNUSED_VARIABLE = YES;
				IPHONEOS_DEPLOYMENT_TARGET = 7.1;
				SDKROOT = iphoneos;
				VALIDATE_PRODUCT = YES;
			};
			name = Release;
		};
		898866EA19D74A7E00145E06 /* Debug */ = {
			isa = XCBuildConfiguration;
			buildSettings = {
				ASSETCATALOG_COMPILER_APPICON_NAME = AppIcon;
				ASSETCATALOG_COMPILER_LAUNCHIMAGE_NAME = LaunchImage;
				CODE_SIGN_IDENTITY = "iPhone Developer";
				GCC_PRECOMPILE_PREFIX_HEADER = YES;
				GCC_PREFIX_HEADER = "MyStore/MyStore-Prefix.pch";
				INFOPLIST_FILE = "MyStore/MyStore-Info.plist";
				PRODUCT_NAME = "$(TARGET_NAME)";
				TARGETED_DEVICE_FAMILY = 1;
				WRAPPER_EXTENSION = app;
			};
			name = Debug;
		};
		898866EB19D74A7E00145E06 /* Release */ = {
			isa = XCBuildConfiguration;
			buildSettings = {
				ASSETCATALOG_COMPILER_APPICON_NAME = AppIcon;
				ASSETCATALOG_COMPILER_LAUNCHIMAGE_NAME = LaunchImage;
				CODE_SIGN_IDENTITY = "iPhone Developer";
				GCC_PRECOMPILE_PREFIX_HEADER = YES;
				GCC_PREFIX_HEADER = "MyStore/MyStore-Prefix.pch";
				INFOPLIST_FILE = "MyStore/MyStore-Info.plist";
				PRODUCT_NAME = "$(TARGET_NAME)";
				TARGETED_DEVICE_FAMILY = 1;
				WRAPPER_EXTENSION = app;
			};
			name = Release;
		};
		898866ED19D74A7E00145E06 /* Debug */ = {
			isa = XCBuildConfiguration;
			buildSettings = {
				BUNDLE_LOADER = "$(BUILT_PRODUCTS_DIR)/MyStore.app/MyStore";
				FRAMEWORK_SEARCH_PATHS = (
					"$(SDKROOT)/Developer/Library/Frameworks",
					"$(inherited)",
					"$(DEVELOPER_FRAMEWORKS_DIR)",
				);
				GCC_PRECOMPILE_PREFIX_HEADER = YES;
				GCC_PREFIX_HEADER = "MyStore/MyStore-Prefix.pch";
				GCC_PREPROCESSOR_DEFINITIONS = (
					"DEBUG=1",
					"$(inherited)",
				);
				INFOPLIST_FILE = "MyStoreTests/MyStoreTests-Info.plist";
				PRODUCT_NAME = "$(TARGET_NAME)";
				TEST_HOST = "$(BUNDLE_LOADER)";
				WRAPPER_EXTENSION = xctest;
			};
			name = Debug;
		};
		898866EE19D74A7E00145E06 /* Release */ = {
			isa = XCBuildConfiguration;
			buildSettings = {
				BUNDLE_LOADER = "$(BUILT_PRODUCTS_DIR)/MyStore.app/MyStore";
				FRAMEWORK_SEARCH_PATHS = (
					"$(SDKROOT)/Developer/Library/Frameworks",
					"$(inherited)",
					"$(DEVELOPER_FRAMEWORKS_DIR)",
				);
				GCC_PRECOMPILE_PREFIX_HEADER = YES;
				GCC_PREFIX_HEADER = "MyStore/MyStore-Prefix.pch";
				INFOPLIST_FILE = "MyStoreTests/MyStoreTests-Info.plist";
				PRODUCT_NAME = "$(TARGET_NAME)";
				TEST_HOST = "$(BUNDLE_LOADER)";
				WRAPPER_EXTENSION = xctest;
			};
			name = Release;
		};
/* End XCBuildConfiguration section */

/* Begin XCConfigurationList section */
		898866B219D74A7E00145E06 /* Build configuration list for PBXProject "MyStore" */ = {
			isa = XCConfigurationList;
			buildConfigurations = (
				898866E719D74A7E00145E06 /* Debug */,
				898866E819D74A7E00145E06 /* Release */,
			);
			defaultConfigurationIsVisible = 0;
			defaultConfigurationName = Release;
		};
		898866E919D74A7E00145E06 /* Build configuration list for PBXNativeTarget "MyStore" */ = {
			isa = XCConfigurationList;
			buildConfigurations = (
				898866EA19D74A7E00145E06 /* Debug */,
				898866EB19D74A7E00145E06 /* Release */,
			);
			defaultConfigurationIsVisible = 0;
			defaultConfigurationName = Release;
		};
		898866EC19D74A7E00145E06 /* Build configuration list for PBXNativeTarget "MyStoreTests" */ = {
			isa = XCConfigurationList;
			buildConfigurations = (
				898866ED19D74A7E00145E06 /* Debug */,
				898866EE19D74A7E00145E06 /* Release */,
			);
			defaultConfigurationIsVisible = 0;
			defaultConfigurationName = Release;
		};
/* End XCConfigurationList section */

/* Begin XCVersionGroup section */
		898866CE19D74A7E00145E06 /* MyStore.xcdatamodeld */ = {
			isa = XCVersionGroup;
			children = (
				898866CF19D74A7E00145E06 /* MyStore.xcdatamodel */,
			);
			currentVersion = 898866CF19D74A7E00145E06 /* MyStore.xcdatamodel */;
			path = MyStore.xcdatamodeld;
			sourceTree = "<group>";
			versionGroupType = wrapper.xcdatamodel;
		};
/* End XCVersionGroup section */
	};
	rootObject = 898866AF19D74A7E00145E06 /* Project object */;
}
